
Microsoft Visual Studio Solution File, Format Version 12.00
# Visual Studio Version 16
VisualStudioVersion = 25.0.1705.2
MinimumVisualStudioVersion = 10.0.40219.1
Project("{FAE04EC0-301F-11D3-BF4B-00C04F79EFBC}") = "LayerSimulation", "LayerSimulation\LayerSimulation.csproj", "{2C84DF08-6F9B-41AB-A271-B461A79A284F}"
EndProject
Project("{FAE04EC0-301F-11D3-BF4B-00C04F79EFBC}") = "SimulationTest", "SimulationTest\SimulationTest.csproj", "{4D4477C6-40CC-462C-AEF3-4455D9988FA7}"
EndProject
Global
	GlobalSection(SolutionConfigurationPlatforms) = preSolution
		Debug|Any CPU = Debug|Any CPU
		Release|Any CPU = Release|Any CPU
	EndGlobalSection
	GlobalSection(ProjectConfigurationPlatforms) = postSolution
		{2C84DF08-6F9B-41AB-A271-B461A79A284F}.Debug|Any CPU.ActiveCfg = Debug|Any CPU
		{2C84DF08-6F9B-41AB-A271-B461A79A284F}.Debug|Any CPU.Build.0 = Debug|Any CPU
		{2C84DF08-6F9B-41AB-A271-B461A79A284F}.Release|Any CPU.ActiveCfg = Release|Any CPU
		{2C84DF08-6F9B-41AB-A271-B461A79A284F}.Release|Any CPU.Build.0 = Release|Any CPU
		{4D4477C6-40CC-462C-AEF3-4455D9988FA7}.Debug|Any CPU.ActiveCfg = Debug|Any CPU
		{4D4477C6-40CC-462C-AEF3-4455D9988FA7}.Debug|Any CPU.Build.0 = Debug|Any CPU
		{4D4477C6-40CC-462C-AEF3-4455D9988FA7}.Release|Any CPU.ActiveCfg = Release|Any CPU
		{4D4477C6-40CC-462C-AEF3-4455D9988FA7}.Release|Any CPU.Build.0 = Release|Any CPU
	EndGlobalSection
	GlobalSection(SolutionProperties) = preSolution
		HideSolutionNode = FALSE
	EndGlobalSection
	GlobalSection(ExtensibilityGlobals) = postSolution
		SolutionGuid = {D759DF6A-6A5D-4F84-9ED1-1A1259DBEADA}
	EndGlobalSection
EndGlobal
